<?xml version="1.0" encoding="utf-8"?>
<Project ToolsVersion="4.0" xmlns="http://schemas.microsoft.com/developer/msbuild/2003">
  <ItemGroup>
    <Filter Include="Source Files">
      <UniqueIdentifier>{4FC737F1-C7A5-4376-A066-2A32D752A2FF}</UniqueIdentifier>
      <Extensions>cpp;c;cxx;def;odl;idl;hpj;bat;asm;asmx</Extensions>
    </Filter>
    <Filter Include="Header Files">
      <UniqueIdentifier>{93995380-89BD-4b04-88EB-625FBE52EBFB}</UniqueIdentifier>
      <Extensions>h;hpp;hxx;hm;inl;inc;xsd</Extensions>
    </Filter>
    <Filter Include="Resource Files">
      <UniqueIdentifier>{67DA6AB6-F800-4c08-8B7A-83BB121AAD01}</UniqueIdentifier>
      <Extensions>rc;ico;cur;bmp;dlg;rc2;rct;bin;rgs;gif;jpg;jpeg;jpe;resx</Extensions>
    </Filter>
  </ItemGroup>
  <ItemGroup>
    <ClInclude Include="src\Axis.h">
      <Filter>Header Files</Filter>
    </ClInclude>
    <ClInclude Include="src\BackGroundFill.h">
      <Filter>Header Files</Filter>
    </ClInclude>
    <ClInclude Include="src\border.h">
      <Filter>Header Files</Filter>
    </ClInclude>
    <ClInclude Include="src\CoordConverter.h">
      <Filter>Header Files</Filter>
    </ClInclude>
    <ClInclude Include="src\digits.h">
      <Filter>Header Files</Filter>
    </ClInclude>
    <ClInclude Include="src\dnp_checkout.h">
      <Filter>Header Files</Filter>
    </ClInclude>
    <ClInclude Include="src\exceptions.h">
      <Filter>Header Files</Filter>
    </ClInclude>
    <ClInclude Include="src\fontmanager.h">
      <Filter>Header Files</Filter>
    </ClInclude>
    <ClInclude Include="src\formattedtextdraw.h">
      <Filter>Header Files</Filter>
    </ClInclude>
    <ClInclude Include="src\global.h">
      <Filter>Header Files</Filter>
    </ClInclude>
    <ClInclude Include="src\Gridlines.h">
      <Filter>Header Files</Filter>
    </ClInclude>
    <ClInclude Include="src\group.h">
      <Filter>Header Files</Filter>
    </ClInclude>
    <ClInclude Include="src\label.h">
      <Filter>Header Files</Filter>
    </ClInclude>
    <ClInclude Include="src\legend.h">
      <Filter>Header Files</Filter>
    </ClInclude>
    <ClInclude Include="src\LevelLine.h">
      <Filter>Header Files</Filter>
    </ClInclude>
    <ClInclude Include="src\linedata.h">
      <Filter>Header Files</Filter>
    </ClInclude>
    <ClInclude Include="src\lock.h">
      <Filter>Header Files</Filter>
    </ClInclude>
    <ClInclude Include="src\main.h">
      <Filter>Header Files</Filter>
    </ClInclude>
    <ClInclude Include="src\profile.h">
      <Filter>Header Files</Filter>
    </ClInclude>
    <ClInclude Include="src\ProfileMarks.h">
      <Filter>Header Files</Filter>
    </ClInclude>
    <ClInclude Include="src\Regions.h">
      <Filter>Header Files</Filter>
    </ClInclude>
    <ClInclude Include="src\rtfstring.h">
      <Filter>Header Files</Filter>
    </ClInclude>
    <ClInclude Include="src\SavableItem.h">
      <Filter>Header Files</Filter>
    </ClInclude>
    <ClInclude Include="src\selection.h">
      <Filter>Header Files</Filter>
    </ClInclude>
    <ClInclude Include="src\stdafx.h">
      <Filter>Header Files</Filter>
    </ClInclude>
    <ClInclude Include="src\ticks.h">
      <Filter>Header Files</Filter>
    </ClInclude>
    <ClInclude Include="src\title.h">
      <Filter>Header Files</Filter>
    </ClInclude>
    <ClInclude Include="src\winio.h">
      <Filter>Header Files</Filter>
    </ClInclude>
    <ClInclude Include="src\xyplot.h">
      <Filter>Header Files</Filter>
    </ClInclude>
    <ClInclude Include="src\xyplotconst.h">
      <Filter>Header Files</Filter>
    </ClInclude>
    <ClInclude Include="resource.h">
      <Filter>Header Files</Filter>
    </ClInclude>
    <ClInclude Include="src\documentation_ru.h">
      <Filter>Header Files</Filter>
    </ClInclude>
  </ItemGroup>
  <ItemGroup>
    <None Include="res\XYPlotDLL.rc2">
      <Filter>Resource Files</Filter>
    </None>
  </ItemGroup>
  <ItemGroup>
    <ResourceCompile Include="XYPlotDLL.rc">
      <Filter>Resource Files</Filter>
    </ResourceCompile>
  </ItemGroup>
  <ItemGroup>
    <ClCompile Include="src\Axis.cpp">
      <Filter>Source Files</Filter>
    </ClCompile>
    <ClCompile Include="src\BackGroundFill.cpp">
      <Filter>Source Files</Filter>
    </ClCompile>
    <ClCompile Include="src\border.cpp">
      <Filter>Source Files</Filter>
    </ClCompile>
    <ClCompile Include="src\CoordConverter.cpp">
      <Filter>Source Files</Filter>
    </ClCompile>
    <ClCompile Include="src\digits.cpp">
      <Filter>Source Files</Filter>
    </ClCompile>
    <ClCompile Include="src\dnp_checkout.cpp">
      <Filter>Source Files</Filter>
    </ClCompile>
    <ClCompile Include="src\FormattedTextDraw.cpp">
      <Filter>Source Files</Filter>
    </ClCompile>
    <ClCompile Include="src\global.cpp">
      <Filter>Source Files</Filter>
    </ClCompile>
    <ClCompile Include="src\Gridlines.cpp">
      <Filter>Source Files</Filter>
    </ClCompile>
    <ClCompile Include="src\group.cpp">
      <Filter>Source Files</Filter>
    </ClCompile>
    <ClCompile Include="src\label.cpp">
      <Filter>Source Files</Filter>
    </ClCompile>
    <ClCompile Include="src\legend.cpp">
      <Filter>Source Files</Filter>
    </ClCompile>
    <ClCompile Include="src\LevelLine.cpp">
      <Filter>Source Files</Filter>
    </ClCompile>
    <ClCompile Include="src\linedata.cpp">
      <Filter>Source Files</Filter>
    </ClCompile>
    <ClCompile Include="src\main.cpp">
      <Filter>Source Files</Filter>
    </ClCompile>
    <ClCompile Include="src\profile.cpp">
      <Filter>Source Files</Filter>
    </ClCompile>
    <ClCompile Include="src\ProfileMarks.cpp">
      <Filter>Source Files</Filter>
    </ClCompile>
    <ClCompile Include="src\Regions.cpp">
      <Filter>Source Files</Filter>
    </ClCompile>
    <ClCompile Include="src\rtfstring.cpp">
      <Filter>Source Files</Filter>
    </ClCompile>
    <ClCompile Include="src\SavableItem.cpp">
      <Filter>Source Files</Filter>
    </ClCompile>
    <ClCompile Include="src\selection.cpp">
      <Filter>Source Files</Filter>
    </ClCompile>
    <ClCompile Include="src\stdafx.cpp">
      <Filter>Source Files</Filter>
    </ClCompile>
    <ClCompile Include="src\ticks.cpp">
      <Filter>Source Files</Filter>
    </ClCompile>
    <ClCompile Include="src\title.cpp">
      <Filter>Source Files</Filter>
    </ClCompile>
    <ClCompile Include="src\XYPlotDLL.cpp">
      <Filter>Source Files</Filter>
    </ClCompile>
  </ItemGroup>
</Project>